hash: 23d545cbd8e24baa0371a33fafb9e6e6005a176101119a0c06a2f70dd9bfb8c7
updated: 2017-05-01T23:03:15.844761405+02:00
imports:
- name: github.com/hashicorp/vault
  version: 614deacfca3f3b7162bbf30a36d6fc7362cd47f0
  subpackages:
  - shamir
- name: github.com/urfave/cli
  version: 0bdeddeeb0f650497d603c4ad7b20cfe685682f6
testImports: []
